// !$*UTF8*$!
{
	archiveVersion = 1;
	classes = {
	};
	objectVersion = 55;
	objects = {

/* Begin PBXBuildFile section */
		A07D51E428BEA78E006FC78D /* PlayerView.swift in Sources */ = {isa = PBXBuildFile; fileRef = A07D51E328BEA78E006FC78D /* PlayerView.swift */; };
		A07D51E728BEABFE006FC78D /* PlayListModel.swift in Sources */ = {isa = PBXBuildFile; fileRef = A07D51E628BEABFE006FC78D /* PlayListModel.swift */; };
		A07D51E928BEAC85006FC78D /* ListView.swift in Sources */ = {isa = PBXBuildFile; fileRef = A07D51E828BEAC85006FC78D /* ListView.swift */; };
		A07D51EB28BEACAE006FC78D /* MusicView.swift in Sources */ = {isa = PBXBuildFile; fileRef = A07D51EA28BEACAE006FC78D /* MusicView.swift */; };
		A0A9916C28BD29C100041A73 /* musicAppleHW17App.swift in Sources */ = {isa = PBXBuildFile; fileRef = A0A9916B28BD29C100041A73 /* musicAppleHW17App.swift */; };
		A0A9917028BD29C300041A73 /* Assets.xcassets in Resources */ = {isa = PBXBuildFile; fileRef = A0A9916F28BD29C300041A73 /* Assets.xcassets */; };
		A0A9917328BD29C300041A73 /* Preview Assets.xcassets in Resources */ = {isa = PBXBuildFile; fileRef = A0A9917228BD29C300041A73 /* Preview Assets.xcassets */; };
		A0A9917C28BD314400041A73 /* TableView.swift in Sources */ = {isa = PBXBuildFile; fileRef = A0A9917B28BD314400041A73 /* TableView.swift */; };
		A0A9917E28BD369E00041A73 /* LibraryView.swift in Sources */ = {isa = PBXBuildFile; fileRef = A0A9917D28BD369D00041A73 /* LibraryView.swift */; };
/* End PBXBuildFile section */

/* Begin PBXFileReference section */
		A07D51E328BEA78E006FC78D /* PlayerView.swift */ = {isa = PBXFileReference; lastKnownFileType = sourcecode.swift; path = PlayerView.swift; sourceTree = "<group>"; };
		A07D51E628BEABFE006FC78D /* PlayListModel.swift */ = {isa = PBXFileReference; lastKnownFileType = sourcecode.swift; path = PlayListModel.swift; sourceTree = "<group>"; };
		A07D51E828BEAC85006FC78D /* ListView.swift */ = {isa = PBXFileReference; lastKnownFileType = sourcecode.swift; path = ListView.swift; sourceTree = "<group>"; };
		A07D51EA28BEACAE006FC78D /* MusicView.swift */ = {isa = PBXFileReference; lastKnownFileType = sourcecode.swift; path = MusicView.swift; sourceTree = "<group>"; };
		A0A9916828BD29C100041A73 /* musicAppleHW17.app */ = {isa = PBXFileReference; explicitFileType = wrapper.application; includeInIndex = 0; path = musicAppleHW17.app; sourceTree = BUILT_PRODUCTS_DIR; };
		A0A9916B28BD29C100041A73 /* musicAppleHW17App.swift */ = {isa = PBXFileReference; lastKnownFileType = sourcecode.swift; path = musicAppleHW17App.swift; sourceTree = "<group>"; };
		A0A9916F28BD29C300041A73 /* Assets.xcassets */ = {isa = PBXFileReference; lastKnownFileType = folder.assetcatalog; path = Assets.xcassets; sourceTree = "<group>"; };
		A0A9917228BD29C300041A73 /* Preview Assets.xcassets */ = {isa = PBXFileReference; lastKnownFileType = folder.assetcatalog; path = "Preview Assets.xcassets"; sourceTree = "<group>"; };
		A0A9917B28BD314400041A73 /* TableView.swift */ = {isa = PBXFileReference; lastKnownFileType = sourcecode.swift; path = TableView.swift; sourceTree = "<group>"; };
		A0A9917D28BD369D00041A73 /* LibraryView.swift */ = {isa = PBXFileReference; lastKnownFileType = sourcecode.swift; path = LibraryView.swift; sourceTree = "<group>"; };
/* End PBXFileReference section */

/* Begin PBXFrameworksBuildPhase section */
		A0A9916528BD29C100041A73 /* Frameworks */ = {
			isa = PBXFrameworksBuildPhase;
			buildActionMask = 2147483647;
			files = (
			);
			runOnlyForDeploymentPostprocessing = 0;
		};
/* End PBXFrameworksBuildPhase section */

/* Begin PBXGroup section */
		A07D51E528BEABCB006FC78D /* Model */ = {
			isa = PBXGroup;
			children = (
				A07D51E628BEABFE006FC78D /* PlayListModel.swift */,
				A07D51E828BEAC85006FC78D /* ListView.swift */,
				A07D51EA28BEACAE006FC78D /* MusicView.swift */,
			);
			path = Model;
			sourceTree = "<group>";
		};
		A07D522F28BFCC56006FC78D /* Preview Content */ = {
			isa = PBXGroup;
			children = (
				A0A9917228BD29C300041A73 /* Preview Assets.xcassets */,
				A0A9916F28BD29C300041A73 /* Assets.xcassets */,
			);
			path = "Preview Content";
			sourceTree = "<group>";
		};
		A0A9915F28BD29C100041A73 = {
			isa = PBXGroup;
			children = (
				A0A9916A28BD29C100041A73 /* musicAppleHW17 */,
				A0A9916928BD29C100041A73 /* Products */,
			);
			sourceTree = "<group>";
		};
		A0A9916928BD29C100041A73 /* Products */ = {
			isa = PBXGroup;
			children = (
				A0A9916828BD29C100041A73 /* musicAppleHW17.app */,
			);
			name = Products;
			sourceTree = "<group>";
		};
		A0A9916A28BD29C100041A73 /* musicAppleHW17 */ = {
			isa = PBXGroup;
			children = (
				A07D522F28BFCC56006FC78D /* Preview Content */,
				A0A9917A28BD2B2700041A73 /* Sourse */,
				A0A9917928BD2B2400041A73 /* Resourse */,
			);
			path = musicAppleHW17;
			sourceTree = "<group>";
		};
		A0A9917928BD2B2400041A73 /* Resourse */ = {
			isa = PBXGroup;
			children = (
			);
			path = Resourse;
			sourceTree = "<group>";
		};
		A0A9917A28BD2B2700041A73 /* Sourse */ = {
			isa = PBXGroup;
			children = (
				A07D51E528BEABCB006FC78D /* Model */,
				A0A9916B28BD29C100041A73 /* musicAppleHW17App.swift */,
				A0A9917B28BD314400041A73 /* TableView.swift */,
				A0A9917D28BD369D00041A73 /* LibraryView.swift */,
				A07D51E328BEA78E006FC78D /* PlayerView.swift */,
			);
			path = Sourse;
			sourceTree = "<group>";
		};
/* End PBXGroup section */

/* Begin PBXNativeTarget section */
		A0A9916728BD29C100041A73 /* musicAppleHW17 */ = {
			isa = PBXNativeTarget;
			buildConfigurationList = A0A9917628BD29C300041A73 /* Build configuration list for PBXNativeTarget "musicAppleHW17" */;
			buildPhases = (
				A0A9916428BD29C100041A73 /* Sources */,
				A0A9916528BD29C100041A73 /* Frameworks */,
				A0A9916628BD29C100041A73 /* Resources */,
			);
			buildRules = (
			);
			dependencies = (
			);
			name = musicAppleHW17;
			productName = musicAppleHW17;
			productReference = A0A9916828BD29C100041A73 /* musicAppleHW17.app */;
			productType = "com.apple.product-type.application";
		};
/* End PBXNativeTarget section */

/* Begin PBXProject section */
		A0A9916028BD29C100041A73 /* Project object */ = {
			isa = PBXProject;
			attributes = {
				BuildIndependentTargetsInParallel = 1;
				LastSwiftUpdateCheck = 1330;
				LastUpgradeCheck = 1330;
				TargetAttributes = {
					A0A9916728BD29C100041A73 = {
						CreatedOnToolsVersion = 13.3.1;
					};
				};
			};
			buildConfigurationList = A0A9916328BD29C100041A73 /* Build configuration list for PBXProject "musicAppleHW17" */;
			compatibilityVersion = "Xcode 13.0";
			developmentRegion = en;
			hasScannedForEncodings = 0;
			knownRegions = (
				en,
				Base,
			);
			mainGroup = A0A9915F28BD29C100041A73;
			productRefGroup = A0A9916928BD29C100041A73 /* Products */;
			projectDirPath = "";
			projectRoot = "";
			targets = (
				A0A9916728BD29C100041A73 /* musicAppleHW17 */,
			);
		};
/* End PBXProject section */

/* Begin PBXResourcesBuildPhase section */
		A0A9916628BD29C100041A73 /* Resources */ = {
			isa = PBXResourcesBuildPhase;
			buildActionMask = 2147483647;
			files = (
				A0A9917328BD29C300041A73 /* Preview Assets.xcassets in Resources */,
				A0A9917028BD29C300041A73 /* Assets.xcassets in Resources */,
			);
			runOnlyForDeploymentPostprocessing = 0;
		};
/* End PBXResourcesBuildPhase section */

/* Begin PBXSourcesBuildPhase section */
		A0A9916428BD29C100041A73 /* Sources */ = {
			isa = PBXSourcesBuildPhase;
			buildActionMask = 2147483647;
			files = (
				A0A9917C28BD314400041A73 /* TableView.swift in Sources */,
				A07D51E728BEABFE006FC78D /* PlayListModel.swift in Sources */,
				A07D51EB28BEACAE006FC78D /* MusicView.swift in Sources */,
				A07D51E928BEAC85006FC78D /* ListView.swift in Sources */,
				A0A9917E28BD369E00041A73 /* LibraryView.swift in Sources */,
				A0A9916C28BD29C100041A73 /* musicAppleHW17App.swift in Sources */,
				A07D51E428BEA78E006FC78D /* PlayerView.swift in Sources */,
			);
			runOnlyForDeploymentPostprocessing = 0;
		};
/* End PBXSourcesBuildPhase section */

/* Begin XCBuildConfiguration section */
		A0A9917428BD29C300041A73 /* Debug */ = {
			isa = XCBuildConfiguration;
			buildSettings = {
				ALWAYS_SEARCH_USER_PATHS = NO;
				CLANG_ANALYZER_NONNULL = YES;
				CLANG_ANALYZER_NUMBER_OBJECT_CONVERSION = YES_AGGRESSIVE;
				CLANG_CXX_LANGUAGE_STANDARD = "gnu++17";
				CLANG_ENABLE_MODULES = YES;
				CLANG_ENABLE_OBJC_ARC = YES;
				CLANG_ENABLE_OBJC_WEAK = YES;
				CLANG_WARN_BLOCK_CAPTURE_AUTORELEASING = YES;
				CLANG_WARN_BOOL_CONVERSION = YES;
				CLANG_WARN_COMMA = YES;
				CLANG_WARN_CONSTANT_CONVERSION = YES;
				CLANG_WARN_DEPRECATED_OBJC_IMPLEMENTATIONS = YES;
				CLANG_WARN_DIRECT_OBJC_ISA_USAGE = YES_ERROR;
				CLANG_WARN_DOCUMENTATION_COMMENTS = YES;
				CLANG_WARN_EMPTY_BODY = YES;
				CLANG_WARN_ENUM_CONVERSION = YES;
				CLANG_WARN_INFINITE_RECURSION = YES;
				CLANG_WARN_INT_CONVERSION = YES;
				CLANG_WARN_NON_LITERAL_NULL_CONVERSION = YES;
				CLANG_WARN_OBJC_IMPLICIT_RETAIN_SELF = YES;
				CLANG_WARN_OBJC_LITERAL_CONVERSION = YES;
				CLANG_WARN_OBJC_ROOT_CLASS = YES_ERROR;
				CLANG_WARN_QUOTED_INCLUDE_IN_FRAMEWORK_HEADER = YES;
				CLANG_WARN_RANGE_LOOP_ANALYSIS = YES;
				CLANG_WARN_STRICT_PROTOTYPES = YES;
				CLANG_WARN_SUSPICIOUS_MOVE = YES;
				CLANG_WARN_UNGUARDED_AVAILABILITY = YES_AGGRESSIVE;
				CLANG_WARN_UNREACHABLE_CODE = YES;
				CLANG_WARN__DUPLICATE_METHOD_MATCH = YES;
				COPY_PHASE_STRIP = NO;
				DEBUG_INFORMATION_FORMAT = dwarf;
				ENABLE_STRICT_OBJC_MSGSEND = YES;
				ENABLE_TESTABILITY = YES;
				GCC_C_LANGUAGE_STANDARD = gnu11;
				GCC_DYNAMIC_NO_PIC = NO;
				GCC_NO_COMMON_BLOCKS = YES;
				GCC_OPTIMIZATION_LEVEL = 0;
				GCC_PREPROCESSOR_DEFINITIONS = (
					"DEBUG=1",
					"$(inherited)",
				);
				GCC_WARN_64_TO_32_BIT_CONVERSION = YES;
				GCC_WARN_ABOUT_RETURN_TYPE = YES_ERROR;
				GCC_WARN_UNDECLARED_SELECTOR = YES;
				GCC_WARN_UNINITIALIZED_AUTOS = YES_AGGRESSIVE;
				GCC_WARN_UNUSED_FUNCTION = YES;
				GCC_WARN_UNUSED_VARIABLE = YES;
				IPHONEOS_DEPLOYMENT_TARGET = 15.4;
				MTL_ENABLE_DEBUG_INFO = INCLUDE_SOURCE;
				MTL_FAST_MATH = YES;
				ONLY_ACTIVE_ARCH = YES;
				SDKROOT = iphoneos;
				SWIFT_ACTIVE_COMPILATION_CONDITIONS = DEBUG;
				SWIFT_OPTIMIZATION_LEVEL = "-Onone";
			};
			name = Debug;
		};
		A0A9917528BD29C300041A73 /* Release */ = {
			isa = XCBuildConfiguration;
			buildSettings = {
				ALWAYS_SEARCH_USER_PATHS = NO;
				CLANG_ANALYZER_NONNULL = YES;
				CLANG_ANALYZER_NUMBER_OBJECT_CONVERSION = YES_AGGRESSIVE;
				CLANG_CXX_LANGUAGE_STANDARD = "gnu++17";
				CLANG_ENABLE_MODULES = YES;
				CLANG_ENABLE_OBJC_ARC = YES;
				CLANG_ENABLE_OBJC_WEAK = YES;
				CLANG_WARN_BLOCK_CAPTURE_AUTORELEASING = YES;
				CLANG_WARN_BOOL_CONVERSION = YES;
				CLANG_WARN_COMMA = YES;
				CLANG_WARN_CONSTANT_CONVERSION = YES;
				CLANG_WARN_DEPRECATED_OBJC_IMPLEMENTATIONS = YES;
				CLANG_WARN_DIRECT_OBJC_ISA_USAGE = YES_ERROR;
				CLANG_WARN_DOCUMENTATION_COMMENTS = YES;
				CLANG_WARN_EMPTY_BODY = YES;
				CLANG_WARN_ENUM_CONVERSION = YES;
				CLANG_WARN_INFINITE_RECURSION = YES;
				CLANG_WARN_INT_CONVERSION = YES;
				CLANG_WARN_NON_LITERAL_NULL_CONVERSION = YES;
				CLANG_WARN_OBJC_IMPLICIT_RETAIN_SELF = YES;
				CLANG_WARN_OBJC_LITERAL_CONVERSION = YES;
				CLANG_WARN_OBJC_ROOT_CLASS = YES_ERROR;
				CLANG_WARN_QUOTED_INCLUDE_IN_FRAMEWORK_HEADER = YES;
				CLANG_WARN_RANGE_LOOP_ANALYSIS = YES;
				CLANG_WARN_STRICT_PROTOTYPES = YES;
				CLANG_WARN_SUSPICIOUS_MOVE = YES;
				CLANG_WARN_UNGUARDED_AVAILABILITY = YES_AGGRESSIVE;
				CLANG_WARN_UNREACHABLE_CODE = YES;
				CLANG_WARN__DUPLICATE_METHOD_MATCH = YES;
				COPY_PHASE_STRIP = NO;
				DEBUG_INFORMATION_FORMAT = "dwarf-with-dsym";
				ENABLE_NS_ASSERTIONS = NO;
				ENABLE_STRICT_OBJC_MSGSEND = YES;
				GCC_C_LANGUAGE_STANDARD = gnu11;
				GCC_NO_COMMON_BLOCKS = YES;
				GCC_WARN_64_TO_32_BIT_CONVERSION = YES;
				GCC_WARN_ABOUT_RETURN_TYPE = YES_ERROR;
				GCC_WARN_UNDECLARED_SELECTOR = YES;
				GCC_WARN_UNINITIALIZED_AUTOS = YES_AGGRESSIVE;
				GCC_WARN_UNUSED_FUNCTION = YES;
				GCC_WARN_UNUSED_VARIABLE = YES;
				IPHONEOS_DEPLOYMENT_TARGET = 15.4;
				MTL_ENABLE_DEBUG_INFO = NO;
				MTL_FAST_MATH = YES;
				SDKROOT = iphoneos;
				SWIFT_COMPILATION_MODE = wholemodule;
				SWIFT_OPTIMIZATION_LEVEL = "-O";
				VALIDATE_PRODUCT = YES;
			};
			name = Release;
		};
		A0A9917728BD29C300041A73 /* Debug */ = {
			isa = XCBuildConfiguration;
			buildSettings = {
				ASSETCATALOG_COMPILER_APPICON_NAME = AppIcon;
				ASSETCATALOG_COMPILER_GLOBAL_ACCENT_COLOR_NAME = AccentColor;
				CODE_SIGN_STYLE = Automatic;
				CURRENT_PROJECT_VERSION = 1;
				DEVELOPMENT_ASSET_PATHS = "\"musicAppleHW17/Preview Content\"";
				DEVELOPMENT_TEAM = 7T99AX3SG2;
				ENABLE_PREVIEWS = YES;
				GENERATE_INFOPLIST_FILE = YES;
				INFOPLIST_KEY_UIApplicationSceneManifest_Generation = YES;
				INFOPLIST_KEY_UIApplicationSupportsIndirectInputEvents = YES;
				INFOPLIST_KEY_UILaunchScreen_Generation = YES;
				INFOPLIST_KEY_UISupportedInterfaceOrientations_iPad = "UIInterfaceOrientationPortrait UIInterfaceOrientationPortraitUpsideDown UIInterfaceOrientationLandscapeLeft UIInterfaceOrientationLandscapeRight";
				INFOPLIST_KEY_UISupportedInterfaceOrientations_iPhone = "UIInterfaceOrientationPortrait UIInterfaceOrientationLandscapeLeft UIInterfaceOrientationLandscapeRight";
				LD_RUNPATH_SEARCH_PATHS = (
					"$(inherited)",
					"@executable_path/Frameworks",
				);
				MARKETING_VERSION = 1.0;
				PRODUCT_BUNDLE_IDENTIFIER = "Maskal-Andrei.musicAppleHW17";
				PRODUCT_NAME = "$(TARGET_NAME)";
				SWIFT_EMIT_LOC_STRINGS = YES;
				SWIFT_VERSION = 5.0;
				TARGETED_DEVICE_FAMILY = "1,2";
			};
			name = Debug;
		};
		A0A9917828BD29C300041A73 /* Release */ = {
			isa = XCBuildConfiguration;
			buildSettings = {
				ASSETCATALOG_COMPILER_APPICON_NAME = AppIcon;
				ASSETCATALOG_COMPILER_GLOBAL_ACCENT_COLOR_NAME = AccentColor;
				CODE_SIGN_STYLE = Automatic;
				CURRENT_PROJECT_VERSION = 1;
				DEVELOPMENT_ASSET_PATHS = "\"musicAppleHW17/Preview Content\"";
				DEVELOPMENT_TEAM = 7T99AX3SG2;
				ENABLE_PREVIEWS = YES;
				GENERATE_INFOPLIST_FILE = YES;
				INFOPLIST_KEY_UIApplicationSceneManifest_Generation = YES;
				INFOPLIST_KEY_UIApplicationSupportsIndirectInputEvents = YES;
				INFOPLIST_KEY_UILaunchScreen_Generation = YES;
				INFOPLIST_KEY_UISupportedInterfaceOrientations_iPad = "UIInterfaceOrientationPortrait UIInterfaceOrientationPortraitUpsideDown UIInterfaceOrientationLandscapeLeft UIInterfaceOrientationLandscapeRight";
				INFOPLIST_KEY_UISupportedInterfaceOrientations_iPhone = "UIInterfaceOrientationPortrait UIInterfaceOrientationLandscapeLeft UIInterfaceOrientationLandscapeRight";
				LD_RUNPATH_SEARCH_PATHS = (
					"$(inherited)",
					"@executable_path/Frameworks",
				);
				MARKETING_VERSION = 1.0;
				PRODUCT_BUNDLE_IDENTIFIER = "Maskal-Andrei.musicAppleHW17";
				PRODUCT_NAME = "$(TARGET_NAME)";
				SWIFT_EMIT_LOC_STRINGS = YES;
				SWIFT_VERSION = 5.0;
				TARGETED_DEVICE_FAMILY = "1,2";
			};
			name = Release;
		};
/* End XCBuildConfiguration section */

/* Begin XCConfigurationList section */
		A0A9916328BD29C100041A73 /* Build configuration list for PBXProject "musicAppleHW17" */ = {
			isa = XCConfigurationList;
			buildConfigurations = (
				A0A9917428BD29C300041A73 /* Debug */,
				A0A9917528BD29C300041A73 /* Release */,
			);
			defaultConfigurationIsVisible = 0;
			defaultConfigurationName = Release;
		};
		A0A9917628BD29C300041A73 /* Build configuration list for PBXNativeTarget "musicAppleHW17" */ = {
			isa = XCConfigurationList;
			buildConfigurations = (
				A0A9917728BD29C300041A73 /* Debug */,
				A0A9917828BD29C300041A73 /* Release */,
			);
			defaultConfigurationIsVisible = 0;
			defaultConfigurationName = Release;
		};
/* End XCConfigurationList section */
	};
	rootObject = A0A9916028BD29C100041A73 /* Project object */;
}
